// !$*UTF8*$!
{
	archiveVersion = 1;
	classes = {
	};
	objectVersion = 46;
	objects = {

/* Begin PBXBuildFile section */
		6E91E2061CF6A1E6002FB12D /* AppDelegate.swift in Sources */ = {isa = PBXBuildFile; fileRef = 6E91E2051CF6A1E6002FB12D /* AppDelegate.swift */; };
		6E91E2081CF6A1E6002FB12D /* ViewController.swift in Sources */ = {isa = PBXBuildFile; fileRef = 6E91E2071CF6A1E6002FB12D /* ViewController.swift */; };
		6E91E20B1CF6A1E6002FB12D /* Main.storyboard in Resources */ = {isa = PBXBuildFile; fileRef = 6E91E2091CF6A1E6002FB12D /* Main.storyboard */; };
		6E91E20E1CF6A1E6002FB12D /* IchigoRemote.xcdatamodeld in Sources */ = {isa = PBXBuildFile; fileRef = 6E91E20C1CF6A1E6002FB12D /* IchigoRemote.xcdatamodeld */; };
		6E91E2101CF6A1E6002FB12D /* Assets.xcassets in Resources */ = {isa = PBXBuildFile; fileRef = 6E91E20F1CF6A1E6002FB12D /* Assets.xcassets */; };
		6E91E2131CF6A1E6002FB12D /* LaunchScreen.storyboard in Resources */ = {isa = PBXBuildFile; fileRef = 6E91E2111CF6A1E6002FB12D /* LaunchScreen.storyboard */; };
		6E91E21E1CF6A1E6002FB12D /* IchigoRemoteTests.swift in Sources */ = {isa = PBXBuildFile; fileRef = 6E91E21D1CF6A1E6002FB12D /* IchigoRemoteTests.swift */; };
		6E91E2291CF6A1E6002FB12D /* IchigoRemoteUITests.swift in Sources */ = {isa = PBXBuildFile; fileRef = 6E91E2281CF6A1E6002FB12D /* IchigoRemoteUITests.swift */; };
/* End PBXBuildFile section */

/* Begin PBXContainerItemProxy section */
		6E91E21A1CF6A1E6002FB12D /* PBXContainerItemProxy */ = {
			isa = PBXContainerItemProxy;
			containerPortal = 6E91E1FA1CF6A1E6002FB12D /* Project object */;
			proxyType = 1;
			remoteGlobalIDString = 6E91E2011CF6A1E6002FB12D;
			remoteInfo = IchigoRemote;
		};
		6E91E2251CF6A1E6002FB12D /* PBXContainerItemProxy */ = {
			isa = PBXContainerItemProxy;
			containerPortal = 6E91E1FA1CF6A1E6002FB12D /* Project object */;
			proxyType = 1;
			remoteGlobalIDString = 6E91E2011CF6A1E6002FB12D;
			remoteInfo = IchigoRemote;
		};
/* End PBXContainerItemProxy section */

/* Begin PBXFileReference section */
		6E91E2021CF6A1E6002FB12D /* IchigoRemote.app */ = {isa = PBXFileReference; explicitFileType = wrapper.application; includeInIndex = 0; path = IchigoRemote.app; sourceTree = BUILT_PRODUCTS_DIR; };
		6E91E2051CF6A1E6002FB12D /* AppDelegate.swift */ = {isa = PBXFileReference; lastKnownFileType = sourcecode.swift; path = AppDelegate.swift; sourceTree = "<group>"; };
		6E91E2071CF6A1E6002FB12D /* ViewController.swift */ = {isa = PBXFileReference; lastKnownFileType = sourcecode.swift; path = ViewController.swift; sourceTree = "<group>"; };
		6E91E20A1CF6A1E6002FB12D /* Base */ = {isa = PBXFileReference; lastKnownFileType = file.storyboard; name = Base; path = Base.lproj/Main.storyboard; sourceTree = "<group>"; };
		6E91E20D1CF6A1E6002FB12D /* IchigoRemote.xcdatamodel */ = {isa = PBXFileReference; lastKnownFileType = wrapper.xcdatamodel; path = IchigoRemote.xcdatamodel; sourceTree = "<group>"; };
		6E91E20F1CF6A1E6002FB12D /* Assets.xcassets */ = {isa = PBXFileReference; lastKnownFileType = folder.assetcatalog; path = Assets.xcassets; sourceTree = "<group>"; };
		6E91E2121CF6A1E6002FB12D /* Base */ = {isa = PBXFileReference; lastKnownFileType = file.storyboard; name = Base; path = Base.lproj/LaunchScreen.storyboard; sourceTree = "<group>"; };
		6E91E2141CF6A1E6002FB12D /* Info.plist */ = {isa = PBXFileReference; lastKnownFileType = text.plist.xml; path = Info.plist; sourceTree = "<group>"; };
		6E91E2191CF6A1E6002FB12D /* IchigoRemoteTests.xctest */ = {isa = PBXFileReference; explicitFileType = wrapper.cfbundle; includeInIndex = 0; path = IchigoRemoteTests.xctest; sourceTree = BUILT_PRODUCTS_DIR; };
		6E91E21D1CF6A1E6002FB12D /* IchigoRemoteTests.swift */ = {isa = PBXFileReference; lastKnownFileType = sourcecode.swift; path = IchigoRemoteTests.swift; sourceTree = "<group>"; };
		6E91E21F1CF6A1E6002FB12D /* Info.plist */ = {isa = PBXFileReference; lastKnownFileType = text.plist.xml; path = Info.plist; sourceTree = "<group>"; };
		6E91E2241CF6A1E6002FB12D /* IchigoRemoteUITests.xctest */ = {isa = PBXFileReference; explicitFileType = wrapper.cfbundle; includeInIndex = 0; path = IchigoRemoteUITests.xctest; sourceTree = BUILT_PRODUCTS_DIR; };
		6E91E2281CF6A1E6002FB12D /* IchigoRemoteUITests.swift */ = {isa = PBXFileReference; lastKnownFileType = sourcecode.swift; path = IchigoRemoteUITests.swift; sourceTree = "<group>"; };
		6E91E22A1CF6A1E6002FB12D /* Info.plist */ = {isa = PBXFileReference; lastKnownFileType = text.plist.xml; path = Info.plist; sourceTree = "<group>"; };
/* End PBXFileReference section */

/* Begin PBXFrameworksBuildPhase section */
		6E91E1FF1CF6A1E6002FB12D /* Frameworks */ = {
			isa = PBXFrameworksBuildPhase;
			buildActionMask = 2147483647;
			files = (
			);
			runOnlyForDeploymentPostprocessing = 0;
		};
		6E91E2161CF6A1E6002FB12D /* Frameworks */ = {
			isa = PBXFrameworksBuildPhase;
			buildActionMask = 2147483647;
			files = (
			);
			runOnlyForDeploymentPostprocessing = 0;
		};
		6E91E2211CF6A1E6002FB12D /* Frameworks */ = {
			isa = PBXFrameworksBuildPhase;
			buildActionMask = 2147483647;
			files = (
			);
			runOnlyForDeploymentPostprocessing = 0;
		};
/* End PBXFrameworksBuildPhase section */

/* Begin PBXGroup section */
		6E91E1F91CF6A1E6002FB12D = {
			isa = PBXGroup;
			children = (
				6E91E2041CF6A1E6002FB12D /* IchigoRemote */,
				6E91E21C1CF6A1E6002FB12D /* IchigoRemoteTests */,
				6E91E2271CF6A1E6002FB12D /* IchigoRemoteUITests */,
				6E91E2031CF6A1E6002FB12D /* Products */,
			);
			sourceTree = "<group>";
		};
		6E91E2031CF6A1E6002FB12D /* Products */ = {
			isa = PBXGroup;
			children = (
				6E91E2021CF6A1E6002FB12D /* IchigoRemote.app */,
				6E91E2191CF6A1E6002FB12D /* IchigoRemoteTests.xctest */,
				6E91E2241CF6A1E6002FB12D /* IchigoRemoteUITests.xctest */,
			);
			name = Products;
			sourceTree = "<group>";
		};
		6E91E2041CF6A1E6002FB12D /* IchigoRemote */ = {
			isa = PBXGroup;
			children = (
				6E91E2051CF6A1E6002FB12D /* AppDelegate.swift */,
				6E91E2071CF6A1E6002FB12D /* ViewController.swift */,
				6E91E2091CF6A1E6002FB12D /* Main.storyboard */,
				6E91E20F1CF6A1E6002FB12D /* Assets.xcassets */,
				6E91E2111CF6A1E6002FB12D /* LaunchScreen.storyboard */,
				6E91E2141CF6A1E6002FB12D /* Info.plist */,
				6E91E20C1CF6A1E6002FB12D /* IchigoRemote.xcdatamodeld */,
			);
			path = IchigoRemote;
			sourceTree = "<group>";
		};
		6E91E21C1CF6A1E6002FB12D /* IchigoRemoteTests */ = {
			isa = PBXGroup;
			children = (
				6E91E21D1CF6A1E6002FB12D /* IchigoRemoteTests.swift */,
				6E91E21F1CF6A1E6002FB12D /* Info.plist */,
			);
			path = IchigoRemoteTests;
			sourceTree = "<group>";
		};
		6E91E2271CF6A1E6002FB12D /* IchigoRemoteUITests */ = {
			isa = PBXGroup;
			children = (
				6E91E2281CF6A1E6002FB12D /* IchigoRemoteUITests.swift */,
				6E91E22A1CF6A1E6002FB12D /* Info.plist */,
			);
			path = IchigoRemoteUITests;
			sourceTree = "<group>";
		};
/* End PBXGroup section */

/* Begin PBXNativeTarget section */
		6E91E2011CF6A1E6002FB12D /* IchigoRemote */ = {
			isa = PBXNativeTarget;
			buildConfigurationList = 6E91E22D1CF6A1E6002FB12D /* Build configuration list for PBXNativeTarget "IchigoRemote" */;
			buildPhases = (
				6E91E1FE1CF6A1E6002FB12D /* Sources */,
				6E91E1FF1CF6A1E6002FB12D /* Frameworks */,
				6E91E2001CF6A1E6002FB12D /* Resources */,
			);
			buildRules = (
			);
			dependencies = (
			);
			name = IchigoRemote;
			productName = IchigoRemote;
			productReference = 6E91E2021CF6A1E6002FB12D /* IchigoRemote.app */;
			productType = "com.apple.product-type.application";
		};
		6E91E2181CF6A1E6002FB12D /* IchigoRemoteTests */ = {
			isa = PBXNativeTarget;
			buildConfigurationList = 6E91E2301CF6A1E6002FB12D /* Build configuration list for PBXNativeTarget "IchigoRemoteTests" */;
			buildPhases = (
				6E91E2151CF6A1E6002FB12D /* Sources */,
				6E91E2161CF6A1E6002FB12D /* Frameworks */,
				6E91E2171CF6A1E6002FB12D /* Resources */,
			);
			buildRules = (
			);
			dependencies = (
				6E91E21B1CF6A1E6002FB12D /* PBXTargetDependency */,
			);
			name = IchigoRemoteTests;
			productName = IchigoRemoteTests;
			productReference = 6E91E2191CF6A1E6002FB12D /* IchigoRemoteTests.xctest */;
			productType = "com.apple.product-type.bundle.unit-test";
		};
		6E91E2231CF6A1E6002FB12D /* IchigoRemoteUITests */ = {
			isa = PBXNativeTarget;
			buildConfigurationList = 6E91E2331CF6A1E6002FB12D /* Build configuration list for PBXNativeTarget "IchigoRemoteUITests" */;
			buildPhases = (
				6E91E2201CF6A1E6002FB12D /* Sources */,
				6E91E2211CF6A1E6002FB12D /* Frameworks */,
				6E91E2221CF6A1E6002FB12D /* Resources */,
			);
			buildRules = (
			);
			dependencies = (
				6E91E2261CF6A1E6002FB12D /* PBXTargetDependency */,
			);
			name = IchigoRemoteUITests;
			productName = IchigoRemoteUITests;
			productReference = 6E91E2241CF6A1E6002FB12D /* IchigoRemoteUITests.xctest */;
			productType = "com.apple.product-type.bundle.ui-testing";
		};
/* End PBXNativeTarget section */

/* Begin PBXProject section */
		6E91E1FA1CF6A1E6002FB12D /* Project object */ = {
			isa = PBXProject;
			attributes = {
				LastSwiftUpdateCheck = 0730;
				LastUpgradeCheck = 0730;
				ORGANIZATIONNAME = taisuke;
				TargetAttributes = {
					6E91E2011CF6A1E6002FB12D = {
						CreatedOnToolsVersion = 7.3.1;
						DevelopmentTeam = A2TF2C92PA;
					};
					6E91E2181CF6A1E6002FB12D = {
						CreatedOnToolsVersion = 7.3.1;
						DevelopmentTeam = A2TF2C92PA;
						TestTargetID = 6E91E2011CF6A1E6002FB12D;
					};
					6E91E2231CF6A1E6002FB12D = {
						CreatedOnToolsVersion = 7.3.1;
						DevelopmentTeam = A2TF2C92PA;
						TestTargetID = 6E91E2011CF6A1E6002FB12D;
					};
				};
			};
			buildConfigurationList = 6E91E1FD1CF6A1E6002FB12D /* Build configuration list for PBXProject "IchigoRemote" */;
			compatibilityVersion = "Xcode 3.2";
			developmentRegion = English;
			hasScannedForEncodings = 0;
			knownRegions = (
				en,
				Base,
			);
			mainGroup = 6E91E1F91CF6A1E6002FB12D;
			productRefGroup = 6E91E2031CF6A1E6002FB12D /* Products */;
			projectDirPath = "";
			projectRoot = "";
			targets = (
				6E91E2011CF6A1E6002FB12D /* IchigoRemote */,
				6E91E2181CF6A1E6002FB12D /* IchigoRemoteTests */,
				6E91E2231CF6A1E6002FB12D /* IchigoRemoteUITests */,
			);
		};
/* End PBXProject section */

/* Begin PBXResourcesBuildPhase section */
		6E91E2001CF6A1E6002FB12D /* Resources */ = {
			isa = PBXResourcesBuildPhase;
			buildActionMask = 2147483647;
			files = (
				6E91E2131CF6A1E6002FB12D /* LaunchScreen.storyboard in Resources */,
				6E91E2101CF6A1E6002FB12D /* Assets.xcassets in Resources */,
				6E91E20B1CF6A1E6002FB12D /* Main.storyboard in Resources */,
			);
			runOnlyForDeploymentPostprocessing = 0;
		};
		6E91E2171CF6A1E6002FB12D /* Resources */ = {
			isa = PBXResourcesBuildPhase;
			buildActionMask = 2147483647;
			files = (
			);
			runOnlyForDeploymentPostprocessing = 0;
		};
		6E91E2221CF6A1E6002FB12D /* Resources */ = {
			isa = PBXResourcesBuildPhase;
			buildActionMask = 2147483647;
			files = (
			);
			runOnlyForDeploymentPostprocessing = 0;
		};
/* End PBXResourcesBuildPhase section */

/* Begin PBXSourcesBuildPhase section */
		6E91E1FE1CF6A1E6002FB12D /* Sources */ = {
			isa = PBXSourcesBuildPhase;
			buildActionMask = 2147483647;
			files = (
				6E91E2081CF6A1E6002FB12D /* ViewController.swift in Sources */,
				6E91E2061CF6A1E6002FB12D /* AppDelegate.swift in Sources */,
				6E91E20E1CF6A1E6002FB12D /* IchigoRemote.xcdatamodeld in Sources */,
			);
			runOnlyForDeploymentPostprocessing = 0;
		};
		6E91E2151CF6A1E6002FB12D /* Sources */ = {
			isa = PBXSourcesBuildPhase;
			buildActionMask = 2147483647;
			files = (
				6E91E21E1CF6A1E6002FB12D /* IchigoRemoteTests.swift in Sources */,
			);
			runOnlyForDeploymentPostprocessing = 0;
		};
		6E91E2201CF6A1E6002FB12D /* Sources */ = {
			isa = PBXSourcesBuildPhase;
			buildActionMask = 2147483647;
			files = (
				6E91E2291CF6A1E6002FB12D /* IchigoRemoteUITests.swift in Sources */,
			);
			runOnlyForDeploymentPostprocessing = 0;
		};
/* End PBXSourcesBuildPhase section */

/* Begin PBXTargetDependency section */
		6E91E21B1CF6A1E6002FB12D /* PBXTargetDependency */ = {
			isa = PBXTargetDependency;
			target = 6E91E2011CF6A1E6002FB12D /* IchigoRemote */;
			targetProxy = 6E91E21A1CF6A1E6002FB12D /* PBXContainerItemProxy */;
		};
		6E91E2261CF6A1E6002FB12D /* PBXTargetDependency */ = {
			isa = PBXTargetDependency;
			target = 6E91E2011CF6A1E6002FB12D /* IchigoRemote */;
			targetProxy = 6E91E2251CF6A1E6002FB12D /* PBXContainerItemProxy */;
		};
/* End PBXTargetDependency section */

/* Begin PBXVariantGroup section */
		6E91E2091CF6A1E6002FB12D /* Main.storyboard */ = {
			isa = PBXVariantGroup;
			children = (
				6E91E20A1CF6A1E6002FB12D /* Base */,
			);
			name = Main.storyboard;
			sourceTree = "<group>";
		};
		6E91E2111CF6A1E6002FB12D /* LaunchScreen.storyboard */ = {
			isa = PBXVariantGroup;
			children = (
				6E91E2121CF6A1E6002FB12D /* Base */,
			);
			name = LaunchScreen.storyboard;
			sourceTree = "<group>";
		};
/* End PBXVariantGroup section */

/* Begin XCBuildConfiguration section */
		6E91E22B1CF6A1E6002FB12D /* Debug */ = {
			isa = XCBuildConfiguration;
			buildSettings = {
				ALWAYS_SEARCH_USER_PATHS = NO;
				CLANG_ANALYZER_NONNULL = YES;
				CLANG_CXX_LANGUAGE_STANDARD = "gnu++0x";
				CLANG_CXX_LIBRARY = "libc++";
				CLANG_ENABLE_MODULES = YES;
				CLANG_ENABLE_OBJC_ARC = YES;
				CLANG_WARN_BOOL_CONVERSION = YES;
				CLANG_WARN_CONSTANT_CONVERSION = YES;
				CLANG_WARN_DIRECT_OBJC_ISA_USAGE = YES_ERROR;
				CLANG_WARN_EMPTY_BODY = YES;
				CLANG_WARN_ENUM_CONVERSION = YES;
				CLANG_WARN_INT_CONVERSION = YES;
				CLANG_WARN_OBJC_ROOT_CLASS = YES_ERROR;
				CLANG_WARN_UNREACHABLE_CODE = YES;
				CLANG_WARN__DUPLICATE_METHOD_MATCH = YES;
				"CODE_SIGN_IDENTITY[sdk=iphoneos*]" = "iPhone Developer";
				COPY_PHASE_STRIP = NO;
				DEBUG_INFORMATION_FORMAT = dwarf;
				ENABLE_STRICT_OBJC_MSGSEND = YES;
				ENABLE_TESTABILITY = YES;
				GCC_C_LANGUAGE_STANDARD = gnu99;
				GCC_DYNAMIC_NO_PIC = NO;
				GCC_NO_COMMON_BLOCKS = YES;
				GCC_OPTIMIZATION_LEVEL = 0;
				GCC_PREPROCESSOR_DEFINITIONS = (
					"DEBUG=1",
					"$(inherited)",
				);
				GCC_WARN_64_TO_32_BIT_CONVERSION = YES;
				GCC_WARN_ABOUT_RETURN_TYPE = YES_ERROR;
				GCC_WARN_UNDECLARED_SELECTOR = YES;
				GCC_WARN_UNINITIALIZED_AUTOS = YES_AGGRESSIVE;
				GCC_WARN_UNUSED_FUNCTION = YES;
				GCC_WARN_UNUSED_VARIABLE = YES;
				IPHONEOS_DEPLOYMENT_TARGET = 9.3;
				MTL_ENABLE_DEBUG_INFO = YES;
				ONLY_ACTIVE_ARCH = YES;
				SDKROOT = iphoneos;
				SWIFT_OPTIMIZATION_LEVEL = "-Onone";
				TARGETED_DEVICE_FAMILY = "1,2";
			};
			name = Debug;
		};
		6E91E22C1CF6A1E6002FB12D /* Release */ = {
			isa = XCBuildConfiguration;
			buildSettings = {
				ALWAYS_SEARCH_USER_PATHS = NO;
				CLANG_ANALYZER_NONNULL = YES;
				CLANG_CXX_LANGUAGE_STANDARD = "gnu++0x";
				CLANG_CXX_LIBRARY = "libc++";
				CLANG_ENABLE_MODULES = YES;
				CLANG_ENABLE_OBJC_ARC = YES;
				CLANG_WARN_BOOL_CONVERSION = YES;
				CLANG_WARN_CONSTANT_CONVERSION = YES;
				CLANG_WARN_DIRECT_OBJC_ISA_USAGE = YES_ERROR;
				CLANG_WARN_EMPTY_BODY = YES;
				CLANG_WARN_ENUM_CONVERSION = YES;
				CLANG_WARN_INT_CONVERSION = YES;
				CLANG_WARN_OBJC_ROOT_CLASS = YES_ERROR;
				CLANG_WARN_UNREACHABLE_CODE = YES;
				CLANG_WARN__DUPLICATE_METHOD_MATCH = YES;
				"CODE_SIGN_IDENTITY[sdk=iphoneos*]" = "iPhone Developer";
				COPY_PHASE_STRIP = NO;
				DEBUG_INFORMATION_FORMAT = "dwarf-with-dsym";
				ENABLE_NS_ASSERTIONS = NO;
				ENABLE_STRICT_OBJC_MSGSEND = YES;
				GCC_C_LANGUAGE_STANDARD = gnu99;
				GCC_NO_COMMON_BLOCKS = YES;
				GCC_WARN_64_TO_32_BIT_CONVERSION = YES;
				GCC_WARN_ABOUT_RETURN_TYPE = YES_ERROR;
				GCC_WARN_UNDECLARED_SELECTOR = YES;
				GCC_WARN_UNINITIALIZED_AUTOS = YES_AGGRESSIVE;
				GCC_WARN_UNUSED_FUNCTION = YES;
				GCC_WARN_UNUSED_VARIABLE = YES;
				IPHONEOS_DEPLOYMENT_TARGET = 9.3;
				MTL_ENABLE_DEBUG_INFO = NO;
				SDKROOT = iphoneos;
				TARGETED_DEVICE_FAMILY = "1,2";
				VALIDATE_PRODUCT = YES;
			};
			name = Release;
		};
		6E91E22E1CF6A1E6002FB12D /* Debug */ = {
			isa = XCBuildConfiguration;
			buildSettings = {
				ASSETCATALOG_COMPILER_APPICON_NAME = AppIcon;
				INFOPLIST_FILE = IchigoRemote/Info.plist;
				LD_RUNPATH_SEARCH_PATHS = "$(inherited) @executable_path/Frameworks";
				PRODUCT_BUNDLE_IDENTIFIER = jp.jig.fukuno.IchigoRemote;
				PRODUCT_NAME = "$(TARGET_NAME)";
			};
			name = Debug;
		};
		6E91E22F1CF6A1E6002FB12D /* Release */ = {
			isa = XCBuildConfiguration;
			buildSettings = {
				ASSETCATALOG_COMPILER_APPICON_NAME = AppIcon;
				INFOPLIST_FILE = IchigoRemote/Info.plist;
				LD_RUNPATH_SEARCH_PATHS = "$(inherited) @executable_path/Frameworks";
				PRODUCT_BUNDLE_IDENTIFIER = jp.jig.fukuno.IchigoRemote;
				PRODUCT_NAME = "$(TARGET_NAME)";
			};
			name = Release;
		};
		6E91E2311CF6A1E6002FB12D /* Debug */ = {
			isa = XCBuildConfiguration;
			buildSettings = {
				BUNDLE_LOADER = "$(TEST_HOST)";
				INFOPLIST_FILE = IchigoRemoteTests/Info.plist;
				LD_RUNPATH_SEARCH_PATHS = "$(inherited) @executable_path/Frameworks @loader_path/Frameworks";
				PRODUCT_BUNDLE_IDENTIFIER = jp.jig.fukuno.IchigoRemoteTests;
				PRODUCT_NAME = "$(TARGET_NAME)";
				TEST_HOST = "$(BUILT_PRODUCTS_DIR)/IchigoRemote.app/IchigoRemote";
			};
			name = Debug;
		};
		6E91E2321CF6A1E6002FB12D /* Release */ = {
			isa = XCBuildConfiguration;
			buildSettings = {
				BUNDLE_LOADER = "$(TEST_HOST)";
				INFOPLIST_FILE = IchigoRemoteTests/Info.plist;
				LD_RUNPATH_SEARCH_PATHS = "$(inherited) @executable_path/Frameworks @loader_path/Frameworks";
				PRODUCT_BUNDLE_IDENTIFIER = jp.jig.fukuno.IchigoRemoteTests;
				PRODUCT_NAME = "$(TARGET_NAME)";
				TEST_HOST = "$(BUILT_PRODUCTS_DIR)/IchigoRemote.app/IchigoRemote";
			};
			name = Release;
		};
		6E91E2341CF6A1E6002FB12D /* Debug */ = {
			isa = XCBuildConfiguration;
			buildSettings = {
				INFOPLIST_FILE = IchigoRemoteUITests/Info.plist;
				LD_RUNPATH_SEARCH_PATHS = "$(inherited) @executable_path/Frameworks @loader_path/Frameworks";
				PRODUCT_BUNDLE_IDENTIFIER = jp.jig.fukuno.IchigoRemoteUITests;
				PRODUCT_NAME = "$(TARGET_NAME)";
				TEST_TARGET_NAME = IchigoRemote;
			};
			name = Debug;
		};
		6E91E2351CF6A1E6002FB12D /* Release */ = {
			isa = XCBuildConfiguration;
			buildSettings = {
				INFOPLIST_FILE = IchigoRemoteUITests/Info.plist;
				LD_RUNPATH_SEARCH_PATHS = "$(inherited) @executable_path/Frameworks @loader_path/Frameworks";
				PRODUCT_BUNDLE_IDENTIFIER = jp.jig.fukuno.IchigoRemoteUITests;
				PRODUCT_NAME = "$(TARGET_NAME)";
				TEST_TARGET_NAME = IchigoRemote;
			};
			name = Release;
		};
/* End XCBuildConfiguration section */

/* Begin XCConfigurationList section */
		6E91E1FD1CF6A1E6002FB12D /* Build configuration list for PBXProject "IchigoRemote" */ = {
			isa = XCConfigurationList;
			buildConfigurations = (
				6E91E22B1CF6A1E6002FB12D /* Debug */,
				6E91E22C1CF6A1E6002FB12D /* Release */,
			);
			defaultConfigurationIsVisible = 0;
			defaultConfigurationName = Release;
		};
		6E91E22D1CF6A1E6002FB12D /* Build configuration list for PBXNativeTarget "IchigoRemote" */ = {
			isa = XCConfigurationList;
			buildConfigurations = (
				6E91E22E1CF6A1E6002FB12D /* Debug */,
				6E91E22F1CF6A1E6002FB12D /* Release */,
			);
			defaultConfigurationIsVisible = 0;
		};
		6E91E2301CF6A1E6002FB12D /* Build configuration list for PBXNativeTarget "IchigoRemoteTests" */ = {
			isa = XCConfigurationList;
			buildConfigurations = (
				6E91E2311CF6A1E6002FB12D /* Debug */,
				6E91E2321CF6A1E6002FB12D /* Release */,
			);
			defaultConfigurationIsVisible = 0;
		};
		6E91E2331CF6A1E6002FB12D /* Build configuration list for PBXNativeTarget "IchigoRemoteUITests" */ = {
			isa = XCConfigurationList;
			buildConfigurations = (
				6E91E2341CF6A1E6002FB12D /* Debug */,
				6E91E2351CF6A1E6002FB12D /* Release */,
			);
			defaultConfigurationIsVisible = 0;
		};
/* End XCConfigurationList section */

/* Begin XCVersionGroup section */
		6E91E20C1CF6A1E6002FB12D /* IchigoRemote.xcdatamodeld */ = {
			isa = XCVersionGroup;
			children = (
				6E91E20D1CF6A1E6002FB12D /* IchigoRemote.xcdatamodel */,
			);
			currentVersion = 6E91E20D1CF6A1E6002FB12D /* IchigoRemote.xcdatamodel */;
			path = IchigoRemote.xcdatamodeld;
			sourceTree = "<group>";
			versionGroupType = wrapper.xcdatamodel;
		};
/* End XCVersionGroup section */
	};
	rootObject = 6E91E1FA1CF6A1E6002FB12D /* Project object */;
}
